
Microsoft Visual Studio Solution File, Format Version 12.00
# Visual Studio Version 16
VisualStudioVersion = 16.0.810.7
MinimumVisualStudioVersion = 10.0.40219.1
Project("{FAE04EC0-301F-11D3-BF4B-00C04F79EFBC}") = "DurinMedia.Mac", "DurinMedia\DurinMedia.Mac.csproj", "{A27A4977-5420-4D71-9D3B-110E766E3B80}"
EndProject
Project("{FAE04EC0-301F-11D3-BF4B-00C04F79EFBC}") = "DurinMedia.Common", "DurinMedia.Common\DurinMedia.Common.csproj", "{AA87666B-6941-4438-9A19-8EE613C04917}"
EndProject
Global
	GlobalSection(SolutionConfigurationPlatforms) = preSolution
		Debug|Any CPU = Debug|Any CPU
		Release|Any CPU = Release|Any CPU
	EndGlobalSection
	GlobalSection(ProjectConfigurationPlatforms) = postSolution
		{A27A4977-5420-4D71-9D3B-110E766E3B80}.Debug|Any CPU.ActiveCfg = Debug|Any CPU
		{A27A4977-5420-4D71-9D3B-110E766E3B80}.Debug|Any CPU.Build.0 = Debug|Any CPU
		{A27A4977-5420-4D71-9D3B-110E766E3B80}.Release|Any CPU.ActiveCfg = Release|Any CPU
		{A27A4977-5420-4D71-9D3B-110E766E3B80}.Release|Any CPU.Build.0 = Release|Any CPU
		{AA87666B-6941-4438-9A19-8EE613C04917}.Debug|Any CPU.ActiveCfg = Debug|Any CPU
		{AA87666B-6941-4438-9A19-8EE613C04917}.Debug|Any CPU.Build.0 = Debug|Any CPU
		{AA87666B-6941-4438-9A19-8EE613C04917}.Release|Any CPU.ActiveCfg = Release|Any CPU
		{AA87666B-6941-4438-9A19-8EE613C04917}.Release|Any CPU.Build.0 = Release|Any CPU
	EndGlobalSection
	GlobalSection(SolutionProperties) = preSolution
		HideSolutionNode = FALSE
	EndGlobalSection
	GlobalSection(ExtensibilityGlobals) = postSolution
		SolutionGuid = {EC6A1070-9E0E-4BB2-872D-84FC1A5909C9}
	EndGlobalSection
EndGlobal
